{
  "nodes": {
    "flake-utils": {
      "locked": {
        "lastModified": 1619345332,
        "narHash": "sha256-qHnQkEp1uklKTpx3MvKtY6xzgcqXDsz5nLilbbuL+3A=",
        "owner": "numtide",
        "repo": "flake-utils",
        "rev": "2ebf2558e5bf978c7fb8ea927dfaed8fefab2e28",
        "type": "github"
      },
      "original": {
        "owner": "numtide",
        "repo": "flake-utils",
        "type": "github"
      }
    },
    "home-manager": {
      "inputs": {
        "nixpkgs": "nixpkgs"
      },
      "locked": {
        "lastModified": 1620692082,
        "narHash": "sha256-s/eBXs4OI47yPWNTKoAg4f/H7wMLyO+VEMmobXkzfI8=",
        "owner": "nix-community",
        "repo": "home-manager",
        "rev": "23769994e8f7b212d9a257799173b120ed87736b",
        "type": "github"
      },
      "original": {
        "owner": "nix-community",
        "repo": "home-manager",
        "type": "github"
      }
    },
    "nixpkgs": {
      "locked": {
        "lastModified": 1620726384,
        "narHash": "sha256-RiyluT3/HDm6/LnYY+PBWHnh2SCBCwgJOjlH7TTPiE0=",
        "owner": "NixOS",
        "repo": "nixpkgs",
        "rev": "93123faae0281d2e97d12641a7cfad07c8028aff",
        "type": "github"
      },
      "original": {
        "id": "nixpkgs",
        "type": "indirect"
      }
    },
    "root": {
      "inputs": {
        "home-manager": "home-manager",
        "stable": "stable",
        "unstable": "unstable",
        "utils": "utils"
      }
    },
    "stable": {
      "locked": {
        "lastModified": 1620493630,
        "narHash": "sha256-cFcs9Hyc1kTO37JiBlyMJc3XRC/5wkrVQCDhWOMVIf8=",
        "owner": "NixOS",
        "repo": "nixpkgs",
        "rev": "1b688ca59ba78525308e963548eff6f3bebc221e",
        "type": "github"
      },
      "original": {
        "owner": "NixOS",
        "ref": "nixos-20.09",
        "repo": "nixpkgs",
        "type": "github"
      }
    },
    "unstable": {
      "locked": {
        "lastModified": 1620387763,
        "narHash": "sha256-cR6e92q0fMMol0K5a+e472F2ojjEoaEighs51pKF99I=",
        "owner": "NixOS",
        "repo": "nixpkgs",
        "rev": "ae1c8ede09b53007ba9b3c32f926c9c03547ae8b",
        "type": "github"
      },
      "original": {
        "owner": "NixOS",
        "ref": "nixos-unstable",
        "repo": "nixpkgs",
        "type": "github"
      }
    },
    "utils": {
      "inputs": {
        "flake-utils": "flake-utils"
      },
      "locked": {
        "lastModified": 1620054662,
        "narHash": "sha256-7Bg3zL9aEFYiMC7wbCDRgtQAopa/5Fo1NbaZgBJK5xE=",
        "owner": "gytis-ivaskevicius",
        "repo": "flake-utils-plus",
        "rev": "c7eb6892a02f517b15a5d8db658449bf24431980",
        "type": "github"
      },
      "original": {
        "owner": "gytis-ivaskevicius",
        "ref": "staging",
        "repo": "flake-utils-plus",
        "type": "github"
      }
    }
  },
  "root": "root",
  "version": 7
}
